// !$*UTF8*$!
{
	archiveVersion = 1;
	classes = {
	};
	objectVersion = 46;
	objects = {

/* Begin PBXBuildFile section */
		572B533C1A7135CA0030E7D9 /* TechExTests.swift in Sources */ = {isa = PBXBuildFile; fileRef = 572B533B1A7135CA0030E7D9 /* TechExTests.swift */; };
		574652621A8A281300D70F9F /* Alert.swift in Sources */ = {isa = PBXBuildFile; fileRef = 5746524E1A8A281300D70F9F /* Alert.swift */; };
		574652631A8A281300D70F9F /* AppDelegate.swift in Sources */ = {isa = PBXBuildFile; fileRef = 5746524F1A8A281300D70F9F /* AppDelegate.swift */; };
		574652641A8A281300D70F9F /* LaunchScreen.xib in Resources */ = {isa = PBXBuildFile; fileRef = 574652501A8A281300D70F9F /* LaunchScreen.xib */; };
		574652651A8A281300D70F9F /* Main.storyboard in Resources */ = {isa = PBXBuildFile; fileRef = 574652521A8A281300D70F9F /* Main.storyboard */; };
		574652671A8A281300D70F9F /* LoginAndRegistrationViewController.swift in Sources */ = {isa = PBXBuildFile; fileRef = 574652561A8A281300D70F9F /* LoginAndRegistrationViewController.swift */; };
		574652681A8A281300D70F9F /* QuestsTableViewController.swift in Sources */ = {isa = PBXBuildFile; fileRef = 574652571A8A281300D70F9F /* QuestsTableViewController.swift */; };
		574652691A8A281300D70F9F /* Images.xcassets in Resources */ = {isa = PBXBuildFile; fileRef = 574652581A8A281300D70F9F /* Images.xcassets */; };
		5746526A1A8A281300D70F9F /* Info.plist in Resources */ = {isa = PBXBuildFile; fileRef = 574652591A8A281300D70F9F /* Info.plist */; };
		5746526B1A8A281300D70F9F /* Almofire.swift in Sources */ = {isa = PBXBuildFile; fileRef = 5746525B1A8A281300D70F9F /* Almofire.swift */; };
		5746526C1A8A281300D70F9F /* SwiftyJSON.swift in Sources */ = {isa = PBXBuildFile; fileRef = 5746525C1A8A281300D70F9F /* SwiftyJSON.swift */; };
		5746526D1A8A281300D70F9F /* LoadingOverlay.swift in Sources */ = {isa = PBXBuildFile; fileRef = 5746525D1A8A281300D70F9F /* LoadingOverlay.swift */; };
		5746526E1A8A281300D70F9F /* Quest.swift in Sources */ = {isa = PBXBuildFile; fileRef = 5746525F1A8A281300D70F9F /* Quest.swift */; };
		5746526F1A8A281300D70F9F /* KeychainService.swift in Sources */ = {isa = PBXBuildFile; fileRef = 574652611A8A281300D70F9F /* KeychainService.swift */; };
		574652741A8C8DCF00D70F9F /* config.plist in Resources */ = {isa = PBXBuildFile; fileRef = 574652731A8C8DCF00D70F9F /* config.plist */; };
		574652761A8C8ED700D70F9F /* Config.swift in Sources */ = {isa = PBXBuildFile; fileRef = 574652751A8C8ED700D70F9F /* Config.swift */; };
		574652781A8C93F900D70F9F /* LocationService.swift in Sources */ = {isa = PBXBuildFile; fileRef = 574652771A8C93F900D70F9F /* LocationService.swift */; };
		574652B41A8CE12E00D70F9F /* QuestTableViewCell.swift in Sources */ = {isa = PBXBuildFile; fileRef = 574652B31A8CE12E00D70F9F /* QuestTableViewCell.swift */; };
/* End PBXBuildFile section */

/* Begin PBXContainerItemProxy section */
		572B53361A7135CA0030E7D9 /* PBXContainerItemProxy */ = {
			isa = PBXContainerItemProxy;
			containerPortal = 572B53181A7135CA0030E7D9 /* Project object */;
			proxyType = 1;
			remoteGlobalIDString = 572B531F1A7135CA0030E7D9;
			remoteInfo = TechEx;
		};
/* End PBXContainerItemProxy section */

/* Begin PBXFileReference section */
		572B53201A7135CA0030E7D9 /* TechEx.app */ = {isa = PBXFileReference; explicitFileType = wrapper.application; includeInIndex = 0; path = TechEx.app; sourceTree = BUILT_PRODUCTS_DIR; };
		572B53351A7135CA0030E7D9 /* TechExTests.xctest */ = {isa = PBXFileReference; explicitFileType = wrapper.cfbundle; includeInIndex = 0; path = TechExTests.xctest; sourceTree = BUILT_PRODUCTS_DIR; };
		572B533A1A7135CA0030E7D9 /* Info.plist */ = {isa = PBXFileReference; lastKnownFileType = text.plist.xml; path = Info.plist; sourceTree = "<group>"; };
		572B533B1A7135CA0030E7D9 /* TechExTests.swift */ = {isa = PBXFileReference; lastKnownFileType = sourcecode.swift; path = TechExTests.swift; sourceTree = "<group>"; };
		5746524E1A8A281300D70F9F /* Alert.swift */ = {isa = PBXFileReference; fileEncoding = 4; lastKnownFileType = sourcecode.swift; path = Alert.swift; sourceTree = "<group>"; };
		5746524F1A8A281300D70F9F /* AppDelegate.swift */ = {isa = PBXFileReference; fileEncoding = 4; lastKnownFileType = sourcecode.swift; path = AppDelegate.swift; sourceTree = "<group>"; };
		574652511A8A281300D70F9F /* Base */ = {isa = PBXFileReference; lastKnownFileType = file.xib; name = Base; path = Base.lproj/LaunchScreen.xib; sourceTree = "<group>"; };
		574652531A8A281300D70F9F /* Base */ = {isa = PBXFileReference; lastKnownFileType = file.storyboard; name = Base; path = Base.lproj/Main.storyboard; sourceTree = "<group>"; };
		574652561A8A281300D70F9F /* LoginAndRegistrationViewController.swift */ = {isa = PBXFileReference; fileEncoding = 4; lastKnownFileType = sourcecode.swift; path = LoginAndRegistrationViewController.swift; sourceTree = "<group>"; };
		574652571A8A281300D70F9F /* QuestsTableViewController.swift */ = {isa = PBXFileReference; fileEncoding = 4; lastKnownFileType = sourcecode.swift; path = QuestsTableViewController.swift; sourceTree = "<group>"; };
		574652581A8A281300D70F9F /* Images.xcassets */ = {isa = PBXFileReference; lastKnownFileType = folder.assetcatalog; path = Images.xcassets; sourceTree = "<group>"; };
		574652591A8A281300D70F9F /* Info.plist */ = {isa = PBXFileReference; fileEncoding = 4; lastKnownFileType = text.plist.xml; path = Info.plist; sourceTree = "<group>"; };
		5746525B1A8A281300D70F9F /* Almofire.swift */ = {isa = PBXFileReference; fileEncoding = 4; lastKnownFileType = sourcecode.swift; path = Almofire.swift; sourceTree = "<group>"; };
		5746525C1A8A281300D70F9F /* SwiftyJSON.swift */ = {isa = PBXFileReference; fileEncoding = 4; lastKnownFileType = sourcecode.swift; path = SwiftyJSON.swift; sourceTree = "<group>"; };
		5746525D1A8A281300D70F9F /* LoadingOverlay.swift */ = {isa = PBXFileReference; fileEncoding = 4; lastKnownFileType = sourcecode.swift; path = LoadingOverlay.swift; sourceTree = "<group>"; };
		5746525F1A8A281300D70F9F /* Quest.swift */ = {isa = PBXFileReference; fileEncoding = 4; lastKnownFileType = sourcecode.swift; path = Quest.swift; sourceTree = "<group>"; };
		574652611A8A281300D70F9F /* KeychainService.swift */ = {isa = PBXFileReference; fileEncoding = 4; lastKnownFileType = sourcecode.swift; path = KeychainService.swift; sourceTree = "<group>"; };
		574652731A8C8DCF00D70F9F /* config.plist */ = {isa = PBXFileReference; fileEncoding = 4; lastKnownFileType = text.plist.xml; path = config.plist; sourceTree = "<group>"; };
		574652751A8C8ED700D70F9F /* Config.swift */ = {isa = PBXFileReference; fileEncoding = 4; lastKnownFileType = sourcecode.swift; path = Config.swift; sourceTree = "<group>"; };
		574652771A8C93F900D70F9F /* LocationService.swift */ = {isa = PBXFileReference; fileEncoding = 4; lastKnownFileType = sourcecode.swift; path = LocationService.swift; sourceTree = "<group>"; };
		574652B31A8CE12E00D70F9F /* QuestTableViewCell.swift */ = {isa = PBXFileReference; fileEncoding = 4; lastKnownFileType = sourcecode.swift; name = QuestTableViewCell.swift; path = views/QuestTableViewCell.swift; sourceTree = "<group>"; };
/* End PBXFileReference section */

/* Begin PBXFrameworksBuildPhase section */
		572B531D1A7135CA0030E7D9 /* Frameworks */ = {
			isa = PBXFrameworksBuildPhase;
			buildActionMask = 2147483647;
			files = (
			);
			runOnlyForDeploymentPostprocessing = 0;
		};
		572B53321A7135CA0030E7D9 /* Frameworks */ = {
			isa = PBXFrameworksBuildPhase;
			buildActionMask = 2147483647;
			files = (
			);
			runOnlyForDeploymentPostprocessing = 0;
		};
/* End PBXFrameworksBuildPhase section */

/* Begin PBXGroup section */
		572B53171A7135CA0030E7D9 = {
			isa = PBXGroup;
			children = (
				5746524D1A8A281300D70F9F /* TechEx */,
				572B53381A7135CA0030E7D9 /* TechExTests */,
				572B53211A7135CA0030E7D9 /* Products */,
			);
			sourceTree = "<group>";
		};
		572B53211A7135CA0030E7D9 /* Products */ = {
			isa = PBXGroup;
			children = (
				572B53201A7135CA0030E7D9 /* TechEx.app */,
				572B53351A7135CA0030E7D9 /* TechExTests.xctest */,
			);
			name = Products;
			sourceTree = "<group>";
		};
		572B53381A7135CA0030E7D9 /* TechExTests */ = {
			isa = PBXGroup;
			children = (
				572B533B1A7135CA0030E7D9 /* TechExTests.swift */,
				572B53391A7135CA0030E7D9 /* Supporting Files */,
			);
			path = TechExTests;
			sourceTree = "<group>";
		};
		572B53391A7135CA0030E7D9 /* Supporting Files */ = {
			isa = PBXGroup;
			children = (
				572B533A1A7135CA0030E7D9 /* Info.plist */,
			);
			name = "Supporting Files";
			sourceTree = "<group>";
		};
		5746524D1A8A281300D70F9F /* TechEx */ = {
			isa = PBXGroup;
			children = (
				574652B21A8CE0E100D70F9F /* views */,
				5746524E1A8A281300D70F9F /* Alert.swift */,
				5746524F1A8A281300D70F9F /* AppDelegate.swift */,
				574652541A8A281300D70F9F /* controllers */,
				574652581A8A281300D70F9F /* Images.xcassets */,
				5746525A1A8A281300D70F9F /* lib */,
				5746525D1A8A281300D70F9F /* LoadingOverlay.swift */,
				5746525E1A8A281300D70F9F /* models */,
				574652601A8A281300D70F9F /* services */,
				574652701A8A2C8B00D70F9F /* Supporting files */,
			);
			path = TechEx;
			sourceTree = "<group>";
		};
		574652541A8A281300D70F9F /* controllers */ = {
			isa = PBXGroup;
			children = (
				574652561A8A281300D70F9F /* LoginAndRegistrationViewController.swift */,
				574652571A8A281300D70F9F /* QuestsTableViewController.swift */,
			);
			path = controllers;
			sourceTree = "<group>";
		};
		5746525A1A8A281300D70F9F /* lib */ = {
			isa = PBXGroup;
			children = (
				5746525B1A8A281300D70F9F /* Almofire.swift */,
				5746525C1A8A281300D70F9F /* SwiftyJSON.swift */,
			);
			path = lib;
			sourceTree = "<group>";
		};
		5746525E1A8A281300D70F9F /* models */ = {
			isa = PBXGroup;
			children = (
				5746525F1A8A281300D70F9F /* Quest.swift */,
			);
			path = models;
			sourceTree = "<group>";
		};
		574652601A8A281300D70F9F /* services */ = {
			isa = PBXGroup;
			children = (
				574652771A8C93F900D70F9F /* LocationService.swift */,
				574652611A8A281300D70F9F /* KeychainService.swift */,
				574652751A8C8ED700D70F9F /* Config.swift */,
			);
			path = services;
			sourceTree = "<group>";
		};
		574652701A8A2C8B00D70F9F /* Supporting files */ = {
			isa = PBXGroup;
			children = (
				574652591A8A281300D70F9F /* Info.plist */,
				574652731A8C8DCF00D70F9F /* config.plist */,
			);
			name = "Supporting files";
			sourceTree = "<group>";
		};
		574652B21A8CE0E100D70F9F /* views */ = {
			isa = PBXGroup;
			children = (
				574652501A8A281300D70F9F /* LaunchScreen.xib */,
				574652521A8A281300D70F9F /* Main.storyboard */,
				574652B31A8CE12E00D70F9F /* QuestTableViewCell.swift */,
			);
			name = views;
			sourceTree = "<group>";
		};
/* End PBXGroup section */

/* Begin PBXNativeTarget section */
		572B531F1A7135CA0030E7D9 /* TechEx */ = {
			isa = PBXNativeTarget;
			buildConfigurationList = 572B533F1A7135CA0030E7D9 /* Build configuration list for PBXNativeTarget "TechEx" */;
			buildPhases = (
				572B531C1A7135CA0030E7D9 /* Sources */,
				572B531D1A7135CA0030E7D9 /* Frameworks */,
				572B531E1A7135CA0030E7D9 /* Resources */,
			);
			buildRules = (
			);
			dependencies = (
			);
			name = TechEx;
			productName = TechEx;
			productReference = 572B53201A7135CA0030E7D9 /* TechEx.app */;
			productType = "com.apple.product-type.application";
		};
		572B53341A7135CA0030E7D9 /* TechExTests */ = {
			isa = PBXNativeTarget;
			buildConfigurationList = 572B53421A7135CA0030E7D9 /* Build configuration list for PBXNativeTarget "TechExTests" */;
			buildPhases = (
				572B53311A7135CA0030E7D9 /* Sources */,
				572B53321A7135CA0030E7D9 /* Frameworks */,
				572B53331A7135CA0030E7D9 /* Resources */,
			);
			buildRules = (
			);
			dependencies = (
				572B53371A7135CA0030E7D9 /* PBXTargetDependency */,
			);
			name = TechExTests;
			productName = TechExTests;
			productReference = 572B53351A7135CA0030E7D9 /* TechExTests.xctest */;
			productType = "com.apple.product-type.bundle.unit-test";
		};
/* End PBXNativeTarget section */

/* Begin PBXProject section */
		572B53181A7135CA0030E7D9 /* Project object */ = {
			isa = PBXProject;
			attributes = {
				LastUpgradeCheck = 0610;
				ORGANIZATIONNAME = Technoport;
				TargetAttributes = {
					572B531F1A7135CA0030E7D9 = {
						CreatedOnToolsVersion = 6.1.1;
						DevelopmentTeam = 6U7HHFHA2G;
					};
					572B53341A7135CA0030E7D9 = {
						CreatedOnToolsVersion = 6.1.1;
						TestTargetID = 572B531F1A7135CA0030E7D9;
					};
				};
			};
			buildConfigurationList = 572B531B1A7135CA0030E7D9 /* Build configuration list for PBXProject "TechEx" */;
			compatibilityVersion = "Xcode 3.2";
			developmentRegion = English;
			hasScannedForEncodings = 0;
			knownRegions = (
				en,
				Base,
			);
			mainGroup = 572B53171A7135CA0030E7D9;
			productRefGroup = 572B53211A7135CA0030E7D9 /* Products */;
			projectDirPath = "";
			projectRoot = "";
			targets = (
				572B531F1A7135CA0030E7D9 /* TechEx */,
				572B53341A7135CA0030E7D9 /* TechExTests */,
			);
		};
/* End PBXProject section */

/* Begin PBXResourcesBuildPhase section */
		572B531E1A7135CA0030E7D9 /* Resources */ = {
			isa = PBXResourcesBuildPhase;
			buildActionMask = 2147483647;
			files = (
				5746526A1A8A281300D70F9F /* Info.plist in Resources */,
				574652691A8A281300D70F9F /* Images.xcassets in Resources */,
				574652641A8A281300D70F9F /* LaunchScreen.xib in Resources */,
				574652651A8A281300D70F9F /* Main.storyboard in Resources */,
				574652741A8C8DCF00D70F9F /* config.plist in Resources */,
			);
			runOnlyForDeploymentPostprocessing = 0;
		};
		572B53331A7135CA0030E7D9 /* Resources */ = {
			isa = PBXResourcesBuildPhase;
			buildActionMask = 2147483647;
			files = (
			);
			runOnlyForDeploymentPostprocessing = 0;
		};
/* End PBXResourcesBuildPhase section */

/* Begin PBXSourcesBuildPhase section */
		572B531C1A7135CA0030E7D9 /* Sources */ = {
			isa = PBXSourcesBuildPhase;
			buildActionMask = 2147483647;
			files = (
				574652681A8A281300D70F9F /* QuestsTableViewController.swift in Sources */,
				574652631A8A281300D70F9F /* AppDelegate.swift in Sources */,
				574652671A8A281300D70F9F /* LoginAndRegistrationViewController.swift in Sources */,
				5746526F1A8A281300D70F9F /* KeychainService.swift in Sources */,
				574652761A8C8ED700D70F9F /* Config.swift in Sources */,
				5746526B1A8A281300D70F9F /* Almofire.swift in Sources */,
				5746526C1A8A281300D70F9F /* SwiftyJSON.swift in Sources */,
				574652621A8A281300D70F9F /* Alert.swift in Sources */,
				574652B41A8CE12E00D70F9F /* QuestTableViewCell.swift in Sources */,
				5746526E1A8A281300D70F9F /* Quest.swift in Sources */,
				574652781A8C93F900D70F9F /* LocationService.swift in Sources */,
				5746526D1A8A281300D70F9F /* LoadingOverlay.swift in Sources */,
			);
			runOnlyForDeploymentPostprocessing = 0;
		};
		572B53311A7135CA0030E7D9 /* Sources */ = {
			isa = PBXSourcesBuildPhase;
			buildActionMask = 2147483647;
			files = (
				572B533C1A7135CA0030E7D9 /* TechExTests.swift in Sources */,
			);
			runOnlyForDeploymentPostprocessing = 0;
		};
/* End PBXSourcesBuildPhase section */

/* Begin PBXTargetDependency section */
		572B53371A7135CA0030E7D9 /* PBXTargetDependency */ = {
			isa = PBXTargetDependency;
			target = 572B531F1A7135CA0030E7D9 /* TechEx */;
			targetProxy = 572B53361A7135CA0030E7D9 /* PBXContainerItemProxy */;
		};
/* End PBXTargetDependency section */

/* Begin PBXVariantGroup section */
		574652501A8A281300D70F9F /* LaunchScreen.xib */ = {
			isa = PBXVariantGroup;
			children = (
				574652511A8A281300D70F9F /* Base */,
			);
			name = LaunchScreen.xib;
			sourceTree = "<group>";
		};
		574652521A8A281300D70F9F /* Main.storyboard */ = {
			isa = PBXVariantGroup;
			children = (
				574652531A8A281300D70F9F /* Base */,
			);
			name = Main.storyboard;
			sourceTree = "<group>";
		};
/* End PBXVariantGroup section */

/* Begin XCBuildConfiguration section */
		572B533D1A7135CA0030E7D9 /* Debug */ = {
			isa = XCBuildConfiguration;
			buildSettings = {
				ALWAYS_SEARCH_USER_PATHS = NO;
				CLANG_CXX_LANGUAGE_STANDARD = "gnu++0x";
				CLANG_CXX_LIBRARY = "libc++";
				CLANG_ENABLE_MODULES = YES;
				CLANG_ENABLE_OBJC_ARC = YES;
				CLANG_WARN_BOOL_CONVERSION = YES;
				CLANG_WARN_CONSTANT_CONVERSION = YES;
				CLANG_WARN_DIRECT_OBJC_ISA_USAGE = YES_ERROR;
				CLANG_WARN_EMPTY_BODY = YES;
				CLANG_WARN_ENUM_CONVERSION = YES;
				CLANG_WARN_INT_CONVERSION = YES;
				CLANG_WARN_OBJC_ROOT_CLASS = YES_ERROR;
				CLANG_WARN_UNREACHABLE_CODE = YES;
				CLANG_WARN__DUPLICATE_METHOD_MATCH = YES;
				"CODE_SIGN_IDENTITY[sdk=iphoneos*]" = "iPhone Developer";
				COPY_PHASE_STRIP = NO;
				ENABLE_STRICT_OBJC_MSGSEND = YES;
				GCC_C_LANGUAGE_STANDARD = gnu99;
				GCC_DYNAMIC_NO_PIC = NO;
				GCC_OPTIMIZATION_LEVEL = 0;
				GCC_PREPROCESSOR_DEFINITIONS = (
					"DEBUG=1",
					"$(inherited)",
				);
				GCC_SYMBOLS_PRIVATE_EXTERN = NO;
				GCC_WARN_64_TO_32_BIT_CONVERSION = YES;
				GCC_WARN_ABOUT_RETURN_TYPE = YES_ERROR;
				GCC_WARN_UNDECLARED_SELECTOR = YES;
				GCC_WARN_UNINITIALIZED_AUTOS = YES_AGGRESSIVE;
				GCC_WARN_UNUSED_FUNCTION = YES;
				GCC_WARN_UNUSED_VARIABLE = YES;
				IPHONEOS_DEPLOYMENT_TARGET = 8.1;
				MTL_ENABLE_DEBUG_INFO = YES;
				ONLY_ACTIVE_ARCH = YES;
				SDKROOT = iphoneos;
				SWIFT_OPTIMIZATION_LEVEL = "-Onone";
				TARGETED_DEVICE_FAMILY = "1,2";
			};
			name = Debug;
		};
		572B533E1A7135CA0030E7D9 /* Release */ = {
			isa = XCBuildConfiguration;
			buildSettings = {
				ALWAYS_SEARCH_USER_PATHS = NO;
				CLANG_CXX_LANGUAGE_STANDARD = "gnu++0x";
				CLANG_CXX_LIBRARY = "libc++";
				CLANG_ENABLE_MODULES = YES;
				CLANG_ENABLE_OBJC_ARC = YES;
				CLANG_WARN_BOOL_CONVERSION = YES;
				CLANG_WARN_CONSTANT_CONVERSION = YES;
				CLANG_WARN_DIRECT_OBJC_ISA_USAGE = YES_ERROR;
				CLANG_WARN_EMPTY_BODY = YES;
				CLANG_WARN_ENUM_CONVERSION = YES;
				CLANG_WARN_INT_CONVERSION = YES;
				CLANG_WARN_OBJC_ROOT_CLASS = YES_ERROR;
				CLANG_WARN_UNREACHABLE_CODE = YES;
				CLANG_WARN__DUPLICATE_METHOD_MATCH = YES;
				"CODE_SIGN_IDENTITY[sdk=iphoneos*]" = "iPhone Developer";
				COPY_PHASE_STRIP = YES;
				ENABLE_NS_ASSERTIONS = NO;
				ENABLE_STRICT_OBJC_MSGSEND = YES;
				GCC_C_LANGUAGE_STANDARD = gnu99;
				GCC_WARN_64_TO_32_BIT_CONVERSION = YES;
				GCC_WARN_ABOUT_RETURN_TYPE = YES_ERROR;
				GCC_WARN_UNDECLARED_SELECTOR = YES;
				GCC_WARN_UNINITIALIZED_AUTOS = YES_AGGRESSIVE;
				GCC_WARN_UNUSED_FUNCTION = YES;
				GCC_WARN_UNUSED_VARIABLE = YES;
				IPHONEOS_DEPLOYMENT_TARGET = 8.1;
				MTL_ENABLE_DEBUG_INFO = NO;
				SDKROOT = iphoneos;
				TARGETED_DEVICE_FAMILY = "1,2";
				VALIDATE_PRODUCT = YES;
			};
			name = Release;
		};
		572B53401A7135CA0030E7D9 /* Debug */ = {
			isa = XCBuildConfiguration;
			buildSettings = {
				ASSETCATALOG_COMPILER_APPICON_NAME = AppIcon;
				CODE_SIGN_IDENTITY = "iPhone Developer";
				"CODE_SIGN_IDENTITY[sdk=iphoneos*]" = "iPhone Developer";
				INFOPLIST_FILE = TechEx/Info.plist;
				IPHONEOS_DEPLOYMENT_TARGET = 8.0;
				LD_RUNPATH_SEARCH_PATHS = "$(inherited) @executable_path/Frameworks";
				PRODUCT_NAME = "$(TARGET_NAME)";
				PROVISIONING_PROFILE = "";
			};
			name = Debug;
		};
		572B53411A7135CA0030E7D9 /* Release */ = {
			isa = XCBuildConfiguration;
			buildSettings = {
				ASSETCATALOG_COMPILER_APPICON_NAME = AppIcon;
				CODE_SIGN_IDENTITY = "iPhone Developer";
				"CODE_SIGN_IDENTITY[sdk=iphoneos*]" = "iPhone Developer";
				INFOPLIST_FILE = TechEx/Info.plist;
				IPHONEOS_DEPLOYMENT_TARGET = 8.0;
				LD_RUNPATH_SEARCH_PATHS = "$(inherited) @executable_path/Frameworks";
				PRODUCT_NAME = "$(TARGET_NAME)";
				PROVISIONING_PROFILE = "";
			};
			name = Release;
		};
		572B53431A7135CA0030E7D9 /* Debug */ = {
			isa = XCBuildConfiguration;
			buildSettings = {
				BUNDLE_LOADER = "$(TEST_HOST)";
				FRAMEWORK_SEARCH_PATHS = (
					"$(SDKROOT)/Developer/Library/Frameworks",
					"$(inherited)",
				);
				GCC_PREPROCESSOR_DEFINITIONS = (
					"DEBUG=1",
					"$(inherited)",
				);
				INFOPLIST_FILE = TechExTests/Info.plist;
				LD_RUNPATH_SEARCH_PATHS = "$(inherited) @executable_path/Frameworks @loader_path/Frameworks";
				PRODUCT_NAME = "$(TARGET_NAME)";
				TEST_HOST = "$(BUILT_PRODUCTS_DIR)/TechEx.app/TechEx";
			};
			name = Debug;
		};
		572B53441A7135CA0030E7D9 /* Release */ = {
			isa = XCBuildConfiguration;
			buildSettings = {
				BUNDLE_LOADER = "$(TEST_HOST)";
				FRAMEWORK_SEARCH_PATHS = (
					"$(SDKROOT)/Developer/Library/Frameworks",
					"$(inherited)",
				);
				INFOPLIST_FILE = TechExTests/Info.plist;
				LD_RUNPATH_SEARCH_PATHS = "$(inherited) @executable_path/Frameworks @loader_path/Frameworks";
				PRODUCT_NAME = "$(TARGET_NAME)";
				TEST_HOST = "$(BUILT_PRODUCTS_DIR)/TechEx.app/TechEx";
			};
			name = Release;
		};
/* End XCBuildConfiguration section */

/* Begin XCConfigurationList section */
		572B531B1A7135CA0030E7D9 /* Build configuration list for PBXProject "TechEx" */ = {
			isa = XCConfigurationList;
			buildConfigurations = (
				572B533D1A7135CA0030E7D9 /* Debug */,
				572B533E1A7135CA0030E7D9 /* Release */,
			);
			defaultConfigurationIsVisible = 0;
			defaultConfigurationName = Release;
		};
		572B533F1A7135CA0030E7D9 /* Build configuration list for PBXNativeTarget "TechEx" */ = {
			isa = XCConfigurationList;
			buildConfigurations = (
				572B53401A7135CA0030E7D9 /* Debug */,
				572B53411A7135CA0030E7D9 /* Release */,
			);
			defaultConfigurationIsVisible = 0;
			defaultConfigurationName = Release;
		};
		572B53421A7135CA0030E7D9 /* Build configuration list for PBXNativeTarget "TechExTests" */ = {
			isa = XCConfigurationList;
			buildConfigurations = (
				572B53431A7135CA0030E7D9 /* Debug */,
				572B53441A7135CA0030E7D9 /* Release */,
			);
			defaultConfigurationIsVisible = 0;
			defaultConfigurationName = Release;
		};
/* End XCConfigurationList section */
	};
	rootObject = 572B53181A7135CA0030E7D9 /* Project object */;
}
